
Microsoft Visual Studio Solution File, Format Version 12.00
# Visual Studio 14
VisualStudioVersion = 14.0.25420.1
MinimumVisualStudioVersion = 10.0.40219.1
Project("{2150E333-8FDC-42A3-9474-1A3956D46DE8}") = "src", "src", "{2D92FA14-A0DC-48F8-8C3E-B4C7385F1824}"
EndProject
Project("{2150E333-8FDC-42A3-9474-1A3956D46DE8}") = "Solution Items", "Solution Items", "{4584420A-BB32-4F1F-8223-F98302EB0515}"
	ProjectSection(SolutionItems) = preProject
		global.json = global.json
	EndProjectSection
EndProject
Project("{8BB2217D-0F2D-49D1-97BC-3654ED321F3B}") = "Domain", "src\Domain\Domain.xproj", "{A1F3707F-9EF6-4CCE-9781-0E1C23AC9916}"
EndProject
Global
	GlobalSection(SolutionConfigurationPlatforms) = preSolution
		Debug|Any CPU = Debug|Any CPU
		Release|Any CPU = Release|Any CPU
	EndGlobalSection
	GlobalSection(ProjectConfigurationPlatforms) = postSolution
		{A1F3707F-9EF6-4CCE-9781-0E1C23AC9916}.Debug|Any CPU.ActiveCfg = Debug|Any CPU
		{A1F3707F-9EF6-4CCE-9781-0E1C23AC9916}.Debug|Any CPU.Build.0 = Debug|Any CPU
		{A1F3707F-9EF6-4CCE-9781-0E1C23AC9916}.Release|Any CPU.ActiveCfg = Release|Any CPU
		{A1F3707F-9EF6-4CCE-9781-0E1C23AC9916}.Release|Any CPU.Build.0 = Release|Any CPU
	EndGlobalSection
	GlobalSection(SolutionProperties) = preSolution
		HideSolutionNode = FALSE
	EndGlobalSection
	GlobalSection(NestedProjects) = preSolution
		{A1F3707F-9EF6-4CCE-9781-0E1C23AC9916} = {2D92FA14-A0DC-48F8-8C3E-B4C7385F1824}
	EndGlobalSection
EndGlobal
